# This file is automatically @generated by Cargo.
# It is not intended for manual editing.
version = 4

[[package]]
name = "colorex"
version = "0.1.0"
source = "registry+https://github.com/rust-lang/crates.io-index"
checksum = "1aca14823f247790a3c00876e9a8d2b36380aa06cdabcfb18af015a992ff9e22"

[[package]]
name = "wave"
version = "0.0.7-pre-alpha"
dependencies = [
 "colorex",
]
